{
  "name": "miniprogram",
  "version": "1.0.0",
  "lockfileVersion": 2,
  "requires": true,
  "packages": {
    "": {
      "name": "miniprogram",
      "version": "1.0.0",
      "license": "ISC",
      "dependencies": {
        "miniprogram-api-promise": "^1.0.4",
        "vant-weapp": "^0.5.29"
      },
      "devDependencies": {
        "miniprogram-api-typings": "^3.6.0"
      }
    },
    "node_modules/miniprogram-api-promise": {
      "version": "1.0.4",
      "resolved": "https://registry.npmjs.org/miniprogram-api-promise/-/miniprogram-api-promise-1.0.4.tgz",
      "integrity": "sha512-lS2ukj03Ugy8IJUDmdssklLT4kjzyRtVYwErhyDZkzxtqcxaed2xldRgNrsikigeMUBR9gAs7wgnjSKPlyKIYg=="
    },
    "node_modules/miniprogram-api-typings": {
      "version": "3.6.0",
      "resolved": "https://registry.npmjs.org/miniprogram-api-typings/-/miniprogram-api-typings-3.6.0.tgz",
      "integrity": "sha512-xwK3PzhhxnfWqDfBikHLdAbj7Wy4F887nBcQrzwuF758Fw2qC4ivpKPL9t0uJZk5QYnU28+NqA7Q3lzYGMHQnA==",
      "dev": true
    },
    "node_modules/vant-weapp": {
      "version": "0.5.29",
      "resolved": "https://registry.npmjs.org/vant-weapp/-/vant-weapp-0.5.29.tgz",
      "integrity": "sha512-RMc0Ga914XFwspw2WuOMU8bOHlIkua8X1DoQ/KPnGQzjwT1uEL4S7W186EmaHF1wN2krB9BVd0LdRRt39dGh6Q=="
    }
  },
  "dependencies": {
    "miniprogram-api-promise": {
      "version": "1.0.4",
      "resolved": "https://registry.npmjs.org/miniprogram-api-promise/-/miniprogram-api-promise-1.0.4.tgz",
      "integrity": "sha512-lS2ukj03Ugy8IJUDmdssklLT4kjzyRtVYwErhyDZkzxtqcxaed2xldRgNrsikigeMUBR9gAs7wgnjSKPlyKIYg=="
    },
    "miniprogram-api-typings": {
      "version": "3.6.0",
      "resolved": "https://registry.npmjs.org/miniprogram-api-typings/-/miniprogram-api-typings-3.6.0.tgz",
      "integrity": "sha512-xwK3PzhhxnfWqDfBikHLdAbj7Wy4F887nBcQrzwuF758Fw2qC4ivpKPL9t0uJZk5QYnU28+NqA7Q3lzYGMHQnA==",
      "dev": true
    },
    "vant-weapp": {
      "version": "0.5.29",
      "resolved": "https://registry.npmjs.org/vant-weapp/-/vant-weapp-0.5.29.tgz",
      "integrity": "sha512-RMc0Ga914XFwspw2WuOMU8bOHlIkua8X1DoQ/KPnGQzjwT1uEL4S7W186EmaHF1wN2krB9BVd0LdRRt39dGh6Q=="
    }
  }
}
